// !$*UTF8*$!
{
	archiveVersion = 1;
	classes = {
	};
	objectVersion = 46;
	objects = {

/* Begin PBXBuildFile section */
		9C749CCD17A4B02E005F343B /* WeatherAPI.m in Sources */ = {isa = PBXBuildFile; fileRef = 9C749CCC17A4B02E005F343B /* WeatherAPI.m */; };
		9C749CCF17A55B48005F343B /* CoreLocation.framework in Frameworks */ = {isa = PBXBuildFile; fileRef = 9C749CCE17A55B47005F343B /* CoreLocation.framework */; };
		9C749CD217A55E4B005F343B /* WeatherMapAnnotation.m in Sources */ = {isa = PBXBuildFile; fileRef = 9C749CD117A55E4B005F343B /* WeatherMapAnnotation.m */; };
		9C749CEE17A59E3D005F343B /* Airport-Blue-icon.png in Resources */ = {isa = PBXBuildFile; fileRef = 9C749CED17A59E3D005F343B /* Airport-Blue-icon.png */; };
		9C749CF017A59E5A005F343B /* dg950_s2_icon.png in Resources */ = {isa = PBXBuildFile; fileRef = 9C749CEF17A59E59005F343B /* dg950_s2_icon.png */; };
		9C797EAB17A47F3100DB4F48 /* UIKit.framework in Frameworks */ = {isa = PBXBuildFile; fileRef = 9C797EAA17A47F3100DB4F48 /* UIKit.framework */; };
		9C797EAD17A47F3100DB4F48 /* Foundation.framework in Frameworks */ = {isa = PBXBuildFile; fileRef = 9C797EAC17A47F3100DB4F48 /* Foundation.framework */; };
		9C797EAF17A47F3100DB4F48 /* CoreGraphics.framework in Frameworks */ = {isa = PBXBuildFile; fileRef = 9C797EAE17A47F3100DB4F48 /* CoreGraphics.framework */; };
		9C797EB517A47F3100DB4F48 /* InfoPlist.strings in Resources */ = {isa = PBXBuildFile; fileRef = 9C797EB317A47F3100DB4F48 /* InfoPlist.strings */; };
		9C797EB717A47F3100DB4F48 /* main.m in Sources */ = {isa = PBXBuildFile; fileRef = 9C797EB617A47F3100DB4F48 /* main.m */; };
		9C797EBB17A47F3100DB4F48 /* com_robertdiamondAppDelegate.m in Sources */ = {isa = PBXBuildFile; fileRef = 9C797EBA17A47F3100DB4F48 /* com_robertdiamondAppDelegate.m */; };
		9C797EBD17A47F3100DB4F48 /* Default.png in Resources */ = {isa = PBXBuildFile; fileRef = 9C797EBC17A47F3100DB4F48 /* Default.png */; };
		9C797EBF17A47F3100DB4F48 /* Default@2x.png in Resources */ = {isa = PBXBuildFile; fileRef = 9C797EBE17A47F3100DB4F48 /* Default@2x.png */; };
		9C797EC117A47F3100DB4F48 /* Default-568h@2x.png in Resources */ = {isa = PBXBuildFile; fileRef = 9C797EC017A47F3100DB4F48 /* Default-568h@2x.png */; };
		9C797EC417A47F3100DB4F48 /* com_robertdiamondViewController.m in Sources */ = {isa = PBXBuildFile; fileRef = 9C797EC317A47F3100DB4F48 /* com_robertdiamondViewController.m */; };
		9C797ECE17A47F7D00DB4F48 /* MapKit.framework in Frameworks */ = {isa = PBXBuildFile; fileRef = 9C797ECD17A47F7D00DB4F48 /* MapKit.framework */; };
		9C797ED117A480F800DB4F48 /* WebOperation.m in Sources */ = {isa = PBXBuildFile; fileRef = 9C797ED017A480F800DB4F48 /* WebOperation.m */; };
		9CC64D7717A5DA05002B08CA /* WeatherMapAnnotationView.m in Sources */ = {isa = PBXBuildFile; fileRef = 9CC64D7417A5A187002B08CA /* WeatherMapAnnotationView.m */; };
		9CC64D7817A5DA09002B08CA /* WeatherConditions.m in Sources */ = {isa = PBXBuildFile; fileRef = 9CC64D7617A5D2A8002B08CA /* WeatherConditions.m */; };
/* End PBXBuildFile section */

/* Begin PBXFileReference section */
		9C749CCB17A4B02E005F343B /* WeatherAPI.h */ = {isa = PBXFileReference; fileEncoding = 4; lastKnownFileType = sourcecode.c.h; path = WeatherAPI.h; sourceTree = "<group>"; };
		9C749CCC17A4B02E005F343B /* WeatherAPI.m */ = {isa = PBXFileReference; fileEncoding = 4; lastKnownFileType = sourcecode.c.objc; path = WeatherAPI.m; sourceTree = "<group>"; };
		9C749CCE17A55B47005F343B /* CoreLocation.framework */ = {isa = PBXFileReference; lastKnownFileType = wrapper.framework; name = CoreLocation.framework; path = System/Library/Frameworks/CoreLocation.framework; sourceTree = SDKROOT; };
		9C749CD017A55E4B005F343B /* WeatherMapAnnotation.h */ = {isa = PBXFileReference; fileEncoding = 4; lastKnownFileType = sourcecode.c.h; path = WeatherMapAnnotation.h; sourceTree = "<group>"; };
		9C749CD117A55E4B005F343B /* WeatherMapAnnotation.m */ = {isa = PBXFileReference; fileEncoding = 4; lastKnownFileType = sourcecode.c.objc; path = WeatherMapAnnotation.m; sourceTree = "<group>"; };
		9C749CED17A59E3D005F343B /* Airport-Blue-icon.png */ = {isa = PBXFileReference; lastKnownFileType = image.png; path = "Airport-Blue-icon.png"; sourceTree = "<group>"; };
		9C749CEF17A59E59005F343B /* dg950_s2_icon.png */ = {isa = PBXFileReference; lastKnownFileType = image.png; path = dg950_s2_icon.png; sourceTree = "<group>"; };
		9C797EA717A47F3100DB4F48 /* microclimate.app */ = {isa = PBXFileReference; explicitFileType = wrapper.application; includeInIndex = 0; path = microclimate.app; sourceTree = BUILT_PRODUCTS_DIR; };
		9C797EAA17A47F3100DB4F48 /* UIKit.framework */ = {isa = PBXFileReference; lastKnownFileType = wrapper.framework; name = UIKit.framework; path = System/Library/Frameworks/UIKit.framework; sourceTree = SDKROOT; };
		9C797EAC17A47F3100DB4F48 /* Foundation.framework */ = {isa = PBXFileReference; lastKnownFileType = wrapper.framework; name = Foundation.framework; path = System/Library/Frameworks/Foundation.framework; sourceTree = SDKROOT; };
		9C797EAE17A47F3100DB4F48 /* CoreGraphics.framework */ = {isa = PBXFileReference; lastKnownFileType = wrapper.framework; name = CoreGraphics.framework; path = System/Library/Frameworks/CoreGraphics.framework; sourceTree = SDKROOT; };
		9C797EB217A47F3100DB4F48 /* microclimate-Info.plist */ = {isa = PBXFileReference; lastKnownFileType = text.plist.xml; path = "microclimate-Info.plist"; sourceTree = "<group>"; };
		9C797EB417A47F3100DB4F48 /* en */ = {isa = PBXFileReference; lastKnownFileType = text.plist.strings; name = en; path = en.lproj/InfoPlist.strings; sourceTree = "<group>"; };
		9C797EB617A47F3100DB4F48 /* main.m */ = {isa = PBXFileReference; lastKnownFileType = sourcecode.c.objc; path = main.m; sourceTree = "<group>"; };
		9C797EB817A47F3100DB4F48 /* microclimate-Prefix.pch */ = {isa = PBXFileReference; lastKnownFileType = sourcecode.c.h; path = "microclimate-Prefix.pch"; sourceTree = "<group>"; };
		9C797EB917A47F3100DB4F48 /* com_robertdiamondAppDelegate.h */ = {isa = PBXFileReference; lastKnownFileType = sourcecode.c.h; path = com_robertdiamondAppDelegate.h; sourceTree = "<group>"; };
		9C797EBA17A47F3100DB4F48 /* com_robertdiamondAppDelegate.m */ = {isa = PBXFileReference; lastKnownFileType = sourcecode.c.objc; path = com_robertdiamondAppDelegate.m; sourceTree = "<group>"; };
		9C797EBC17A47F3100DB4F48 /* Default.png */ = {isa = PBXFileReference; lastKnownFileType = image.png; path = Default.png; sourceTree = "<group>"; };
		9C797EBE17A47F3100DB4F48 /* Default@2x.png */ = {isa = PBXFileReference; lastKnownFileType = image.png; path = "Default@2x.png"; sourceTree = "<group>"; };
		9C797EC017A47F3100DB4F48 /* Default-568h@2x.png */ = {isa = PBXFileReference; lastKnownFileType = image.png; path = "Default-568h@2x.png"; sourceTree = "<group>"; };
		9C797EC217A47F3100DB4F48 /* com_robertdiamondViewController.h */ = {isa = PBXFileReference; lastKnownFileType = sourcecode.c.h; path = com_robertdiamondViewController.h; sourceTree = "<group>"; };
		9C797EC317A47F3100DB4F48 /* com_robertdiamondViewController.m */ = {isa = PBXFileReference; lastKnownFileType = sourcecode.c.objc; path = com_robertdiamondViewController.m; sourceTree = "<group>"; };
		9C797ECD17A47F7D00DB4F48 /* MapKit.framework */ = {isa = PBXFileReference; lastKnownFileType = wrapper.framework; name = MapKit.framework; path = System/Library/Frameworks/MapKit.framework; sourceTree = SDKROOT; };
		9C797ECF17A480F800DB4F48 /* WebOperation.h */ = {isa = PBXFileReference; fileEncoding = 4; lastKnownFileType = sourcecode.c.h; path = WebOperation.h; sourceTree = "<group>"; };
		9C797ED017A480F800DB4F48 /* WebOperation.m */ = {isa = PBXFileReference; fileEncoding = 4; lastKnownFileType = sourcecode.c.objc; path = WebOperation.m; sourceTree = "<group>"; };
		9CC64D7317A5A187002B08CA /* WeatherMapAnnotationView.h */ = {isa = PBXFileReference; lastKnownFileType = sourcecode.c.h; path = WeatherMapAnnotationView.h; sourceTree = "<group>"; };
		9CC64D7417A5A187002B08CA /* WeatherMapAnnotationView.m */ = {isa = PBXFileReference; lastKnownFileType = sourcecode.c.objc; path = WeatherMapAnnotationView.m; sourceTree = "<group>"; };
		9CC64D7517A5D2A8002B08CA /* WeatherConditions.h */ = {isa = PBXFileReference; lastKnownFileType = sourcecode.c.h; path = WeatherConditions.h; sourceTree = "<group>"; };
		9CC64D7617A5D2A8002B08CA /* WeatherConditions.m */ = {isa = PBXFileReference; lastKnownFileType = sourcecode.c.objc; path = WeatherConditions.m; sourceTree = "<group>"; };
/* End PBXFileReference section */

/* Begin PBXFrameworksBuildPhase section */
		9C797EA417A47F3100DB4F48 /* Frameworks */ = {
			isa = PBXFrameworksBuildPhase;
			buildActionMask = 2147483647;
			files = (
				9C749CCF17A55B48005F343B /* CoreLocation.framework in Frameworks */,
				9C797ECE17A47F7D00DB4F48 /* MapKit.framework in Frameworks */,
				9C797EAB17A47F3100DB4F48 /* UIKit.framework in Frameworks */,
				9C797EAD17A47F3100DB4F48 /* Foundation.framework in Frameworks */,
				9C797EAF17A47F3100DB4F48 /* CoreGraphics.framework in Frameworks */,
			);
			runOnlyForDeploymentPostprocessing = 0;
		};
/* End PBXFrameworksBuildPhase section */

/* Begin PBXGroup section */
		9C797E9E17A47F3100DB4F48 = {
			isa = PBXGroup;
			children = (
				9C797EB017A47F3100DB4F48 /* microclimate */,
				9C797EA917A47F3100DB4F48 /* Frameworks */,
				9C797EA817A47F3100DB4F48 /* Products */,
			);
			sourceTree = "<group>";
		};
		9C797EA817A47F3100DB4F48 /* Products */ = {
			isa = PBXGroup;
			children = (
				9C797EA717A47F3100DB4F48 /* microclimate.app */,
			);
			name = Products;
			sourceTree = "<group>";
		};
		9C797EA917A47F3100DB4F48 /* Frameworks */ = {
			isa = PBXGroup;
			children = (
				9C749CCE17A55B47005F343B /* CoreLocation.framework */,
				9C797ECD17A47F7D00DB4F48 /* MapKit.framework */,
				9C797EAA17A47F3100DB4F48 /* UIKit.framework */,
				9C797EAC17A47F3100DB4F48 /* Foundation.framework */,
				9C797EAE17A47F3100DB4F48 /* CoreGraphics.framework */,
			);
			name = Frameworks;
			sourceTree = "<group>";
		};
		9C797EB017A47F3100DB4F48 /* microclimate */ = {
			isa = PBXGroup;
			children = (
				9C797EB917A47F3100DB4F48 /* com_robertdiamondAppDelegate.h */,
				9C797EBA17A47F3100DB4F48 /* com_robertdiamondAppDelegate.m */,
				9C797EC217A47F3100DB4F48 /* com_robertdiamondViewController.h */,
				9C797EC317A47F3100DB4F48 /* com_robertdiamondViewController.m */,
				9C749CCB17A4B02E005F343B /* WeatherAPI.h */,
				9C749CCC17A4B02E005F343B /* WeatherAPI.m */,
				9CC64D7517A5D2A8002B08CA /* WeatherConditions.h */,
				9CC64D7617A5D2A8002B08CA /* WeatherConditions.m */,
				9C749CD017A55E4B005F343B /* WeatherMapAnnotation.h */,
				9C749CD117A55E4B005F343B /* WeatherMapAnnotation.m */,
				9CC64D7317A5A187002B08CA /* WeatherMapAnnotationView.h */,
				9CC64D7417A5A187002B08CA /* WeatherMapAnnotationView.m */,
				9C797ECF17A480F800DB4F48 /* WebOperation.h */,
				9C797ED017A480F800DB4F48 /* WebOperation.m */,
				9C797EB117A47F3100DB4F48 /* Supporting Files */,
			);
			path = microclimate;
			sourceTree = "<group>";
		};
		9C797EB117A47F3100DB4F48 /* Supporting Files */ = {
			isa = PBXGroup;
			children = (
				9C749CEF17A59E59005F343B /* dg950_s2_icon.png */,
				9C749CED17A59E3D005F343B /* Airport-Blue-icon.png */,
				9C797EB217A47F3100DB4F48 /* microclimate-Info.plist */,
				9C797EB317A47F3100DB4F48 /* InfoPlist.strings */,
				9C797EB617A47F3100DB4F48 /* main.m */,
				9C797EB817A47F3100DB4F48 /* microclimate-Prefix.pch */,
				9C797EBC17A47F3100DB4F48 /* Default.png */,
				9C797EBE17A47F3100DB4F48 /* Default@2x.png */,
				9C797EC017A47F3100DB4F48 /* Default-568h@2x.png */,
			);
			name = "Supporting Files";
			sourceTree = "<group>";
		};
/* End PBXGroup section */

/* Begin PBXNativeTarget section */
		9C797EA617A47F3100DB4F48 /* microclimate */ = {
			isa = PBXNativeTarget;
			buildConfigurationList = 9C797ECA17A47F3100DB4F48 /* Build configuration list for PBXNativeTarget "microclimate" */;
			buildPhases = (
				9C797EA317A47F3100DB4F48 /* Sources */,
				9C797EA417A47F3100DB4F48 /* Frameworks */,
				9C797EA517A47F3100DB4F48 /* Resources */,
			);
			buildRules = (
			);
			dependencies = (
			);
			name = microclimate;
			productName = microclimate;
			productReference = 9C797EA717A47F3100DB4F48 /* microclimate.app */;
			productType = "com.apple.product-type.application";
		};
/* End PBXNativeTarget section */

/* Begin PBXProject section */
		9C797E9F17A47F3100DB4F48 /* Project object */ = {
			isa = PBXProject;
			attributes = {
				CLASSPREFIX = com.robertdiamond;
				LastUpgradeCheck = 0460;
				ORGANIZATIONNAME = "Robert Diamond";
			};
			buildConfigurationList = 9C797EA217A47F3100DB4F48 /* Build configuration list for PBXProject "microclimate" */;
			compatibilityVersion = "Xcode 3.2";
			developmentRegion = English;
			hasScannedForEncodings = 0;
			knownRegions = (
				en,
			);
			mainGroup = 9C797E9E17A47F3100DB4F48;
			productRefGroup = 9C797EA817A47F3100DB4F48 /* Products */;
			projectDirPath = "";
			projectRoot = "";
			targets = (
				9C797EA617A47F3100DB4F48 /* microclimate */,
			);
		};
/* End PBXProject section */

/* Begin PBXResourcesBuildPhase section */
		9C797EA517A47F3100DB4F48 /* Resources */ = {
			isa = PBXResourcesBuildPhase;
			buildActionMask = 2147483647;
			files = (
				9C797EB517A47F3100DB4F48 /* InfoPlist.strings in Resources */,
				9C797EBD17A47F3100DB4F48 /* Default.png in Resources */,
				9C797EBF17A47F3100DB4F48 /* Default@2x.png in Resources */,
				9C797EC117A47F3100DB4F48 /* Default-568h@2x.png in Resources */,
				9C749CEE17A59E3D005F343B /* Airport-Blue-icon.png in Resources */,
				9C749CF017A59E5A005F343B /* dg950_s2_icon.png in Resources */,
			);
			runOnlyForDeploymentPostprocessing = 0;
		};
/* End PBXResourcesBuildPhase section */

/* Begin PBXSourcesBuildPhase section */
		9C797EA317A47F3100DB4F48 /* Sources */ = {
			isa = PBXSourcesBuildPhase;
			buildActionMask = 2147483647;
			files = (
				9CC64D7817A5DA09002B08CA /* WeatherConditions.m in Sources */,
				9C797EB717A47F3100DB4F48 /* main.m in Sources */,
				9C797EBB17A47F3100DB4F48 /* com_robertdiamondAppDelegate.m in Sources */,
				9C797EC417A47F3100DB4F48 /* com_robertdiamondViewController.m in Sources */,
				9C797ED117A480F800DB4F48 /* WebOperation.m in Sources */,
				9C749CCD17A4B02E005F343B /* WeatherAPI.m in Sources */,
				9CC64D7717A5DA05002B08CA /* WeatherMapAnnotationView.m in Sources */,
				9C749CD217A55E4B005F343B /* WeatherMapAnnotation.m in Sources */,
			);
			runOnlyForDeploymentPostprocessing = 0;
		};
/* End PBXSourcesBuildPhase section */

/* Begin PBXVariantGroup section */
		9C797EB317A47F3100DB4F48 /* InfoPlist.strings */ = {
			isa = PBXVariantGroup;
			children = (
				9C797EB417A47F3100DB4F48 /* en */,
			);
			name = InfoPlist.strings;
			sourceTree = "<group>";
		};
/* End PBXVariantGroup section */

/* Begin XCBuildConfiguration section */
		9C797EC817A47F3100DB4F48 /* Debug */ = {
			isa = XCBuildConfiguration;
			buildSettings = {
				ALWAYS_SEARCH_USER_PATHS = NO;
				CLANG_CXX_LANGUAGE_STANDARD = "gnu++0x";
				CLANG_CXX_LIBRARY = "libc++";
				CLANG_ENABLE_OBJC_ARC = YES;
				CLANG_WARN_CONSTANT_CONVERSION = YES;
				CLANG_WARN_EMPTY_BODY = YES;
				CLANG_WARN_ENUM_CONVERSION = YES;
				CLANG_WARN_INT_CONVERSION = YES;
				CLANG_WARN__DUPLICATE_METHOD_MATCH = YES;
				"CODE_SIGN_IDENTITY[sdk=iphoneos*]" = "iPhone Developer";
				COPY_PHASE_STRIP = NO;
				GCC_C_LANGUAGE_STANDARD = gnu99;
				GCC_DYNAMIC_NO_PIC = NO;
				GCC_OPTIMIZATION_LEVEL = 0;
				GCC_PREPROCESSOR_DEFINITIONS = (
					"DEBUG=1",
					"$(inherited)",
				);
				GCC_SYMBOLS_PRIVATE_EXTERN = NO;
				GCC_WARN_ABOUT_RETURN_TYPE = YES;
				GCC_WARN_UNINITIALIZED_AUTOS = YES;
				GCC_WARN_UNUSED_VARIABLE = YES;
				IPHONEOS_DEPLOYMENT_TARGET = 6.1;
				ONLY_ACTIVE_ARCH = YES;
				SDKROOT = iphoneos;
			};
			name = Debug;
		};
		9C797EC917A47F3100DB4F48 /* Release */ = {
			isa = XCBuildConfiguration;
			buildSettings = {
				ALWAYS_SEARCH_USER_PATHS = NO;
				CLANG_CXX_LANGUAGE_STANDARD = "gnu++0x";
				CLANG_CXX_LIBRARY = "libc++";
				CLANG_ENABLE_OBJC_ARC = YES;
				CLANG_WARN_CONSTANT_CONVERSION = YES;
				CLANG_WARN_EMPTY_BODY = YES;
				CLANG_WARN_ENUM_CONVERSION = YES;
				CLANG_WARN_INT_CONVERSION = YES;
				CLANG_WARN__DUPLICATE_METHOD_MATCH = YES;
				"CODE_SIGN_IDENTITY[sdk=iphoneos*]" = "iPhone Developer";
				COPY_PHASE_STRIP = YES;
				GCC_C_LANGUAGE_STANDARD = gnu99;
				GCC_WARN_ABOUT_RETURN_TYPE = YES;
				GCC_WARN_UNINITIALIZED_AUTOS = YES;
				GCC_WARN_UNUSED_VARIABLE = YES;
				IPHONEOS_DEPLOYMENT_TARGET = 6.1;
				OTHER_CFLAGS = "-DNS_BLOCK_ASSERTIONS=1";
				SDKROOT = iphoneos;
				VALIDATE_PRODUCT = YES;
			};
			name = Release;
		};
		9C797ECB17A47F3100DB4F48 /* Debug */ = {
			isa = XCBuildConfiguration;
			buildSettings = {
				GCC_PRECOMPILE_PREFIX_HEADER = YES;
				GCC_PREFIX_HEADER = "microclimate/microclimate-Prefix.pch";
				INFOPLIST_FILE = "microclimate/microclimate-Info.plist";
				PRODUCT_NAME = "$(TARGET_NAME)";
				WRAPPER_EXTENSION = app;
			};
			name = Debug;
		};
		9C797ECC17A47F3100DB4F48 /* Release */ = {
			isa = XCBuildConfiguration;
			buildSettings = {
				GCC_PRECOMPILE_PREFIX_HEADER = YES;
				GCC_PREFIX_HEADER = "microclimate/microclimate-Prefix.pch";
				INFOPLIST_FILE = "microclimate/microclimate-Info.plist";
				PRODUCT_NAME = "$(TARGET_NAME)";
				WRAPPER_EXTENSION = app;
			};
			name = Release;
		};
/* End XCBuildConfiguration section */

/* Begin XCConfigurationList section */
		9C797EA217A47F3100DB4F48 /* Build configuration list for PBXProject "microclimate" */ = {
			isa = XCConfigurationList;
			buildConfigurations = (
				9C797EC817A47F3100DB4F48 /* Debug */,
				9C797EC917A47F3100DB4F48 /* Release */,
			);
			defaultConfigurationIsVisible = 0;
			defaultConfigurationName = Release;
		};
		9C797ECA17A47F3100DB4F48 /* Build configuration list for PBXNativeTarget "microclimate" */ = {
			isa = XCConfigurationList;
			buildConfigurations = (
				9C797ECB17A47F3100DB4F48 /* Debug */,
				9C797ECC17A47F3100DB4F48 /* Release */,
			);
			defaultConfigurationIsVisible = 0;
			defaultConfigurationName = Release;
		};
/* End XCConfigurationList section */
	};
	rootObject = 9C797E9F17A47F3100DB4F48 /* Project object */;
}
